[[dependencies]]
name = "forge-std"
version = "1.9.6"
url = "https://soldeer-revisions.s3.amazonaws.com/forge-std/1_9_6_01-02-2025_20:49:10_forge-std-1.9.zip"
checksum = "55f341818321b3f925161a72fd0dcd62e4a0a4b66785a7a932bf2bfaf96fb9d1"
integrity = "e9ecdc364d152157431e5df5aa041ffddbe9bb1c1ad81634b1e72df9e23814e8"

[[dependencies]]
name = "simple-paymaster"
version = "0.0.1"
url = "https://github.com/nikbhintade/erc4337-simple-paymaster/archive/refs/tags/0.0.1.zip"
checksum = "bcb111b14a6ca1afe39e5bdde9f8b741e88c1f01082ee915ee44a8f0cf1319e1"
integrity = "3a6b00c70bffc0716bcb5d8c23ed3193d5e0622de2ede2ce11a81fe6c47aa7d4"
